
Microsoft Visual Studio Solution File, Format Version 12.00
# Visual Studio Version 16
VisualStudioVersion = 16.0.30907.101
MinimumVisualStudioVersion = 10.0.40219.1
Project("{9A19103F-16F7-4668-BE54-9A1E7A4F7556}") = "KampIntro", "5.ders\KampIntro.csproj", "{CFBEFEA4-A95D-495E-90D3-F89243B8A392}"
EndProject
Project("{FAE04EC0-301F-11D3-BF4B-00C04F79EFBC}") = "OOP2", "OOP2\OOP2.csproj", "{DE1F959D-B6AA-48E9-8BDB-EE704F87506D}"
EndProject
Project("{FAE04EC0-301F-11D3-BF4B-00C04F79EFBC}") = "OOP3", "OOP3\OOP3.csproj", "{3F92AFD6-9E83-46FB-ADA5-735FD3B72C9C}"
EndProject
Global
	GlobalSection(SolutionConfigurationPlatforms) = preSolution
		Debug|Any CPU = Debug|Any CPU
		Release|Any CPU = Release|Any CPU
	EndGlobalSection
	GlobalSection(ProjectConfigurationPlatforms) = postSolution
		{CFBEFEA4-A95D-495E-90D3-F89243B8A392}.Debug|Any CPU.ActiveCfg = Debug|Any CPU
		{CFBEFEA4-A95D-495E-90D3-F89243B8A392}.Debug|Any CPU.Build.0 = Debug|Any CPU
		{CFBEFEA4-A95D-495E-90D3-F89243B8A392}.Release|Any CPU.ActiveCfg = Release|Any CPU
		{CFBEFEA4-A95D-495E-90D3-F89243B8A392}.Release|Any CPU.Build.0 = Release|Any CPU
		{DE1F959D-B6AA-48E9-8BDB-EE704F87506D}.Debug|Any CPU.ActiveCfg = Debug|Any CPU
		{DE1F959D-B6AA-48E9-8BDB-EE704F87506D}.Debug|Any CPU.Build.0 = Debug|Any CPU
		{DE1F959D-B6AA-48E9-8BDB-EE704F87506D}.Release|Any CPU.ActiveCfg = Release|Any CPU
		{DE1F959D-B6AA-48E9-8BDB-EE704F87506D}.Release|Any CPU.Build.0 = Release|Any CPU
		{3F92AFD6-9E83-46FB-ADA5-735FD3B72C9C}.Debug|Any CPU.ActiveCfg = Debug|Any CPU
		{3F92AFD6-9E83-46FB-ADA5-735FD3B72C9C}.Debug|Any CPU.Build.0 = Debug|Any CPU
		{3F92AFD6-9E83-46FB-ADA5-735FD3B72C9C}.Release|Any CPU.ActiveCfg = Release|Any CPU
		{3F92AFD6-9E83-46FB-ADA5-735FD3B72C9C}.Release|Any CPU.Build.0 = Release|Any CPU
	EndGlobalSection
	GlobalSection(SolutionProperties) = preSolution
		HideSolutionNode = FALSE
	EndGlobalSection
	GlobalSection(ExtensibilityGlobals) = postSolution
		SolutionGuid = {8D575330-2FA4-42B3-A59F-AE52C0CF920F}
	EndGlobalSection
EndGlobal
